
Microsoft Visual Studio Solution File, Format Version 12.00
# Visual Studio Version 17
VisualStudioVersion = 17.13.35825.156
MinimumVisualStudioVersion = 10.0.40219.1
Project("{2150E333-8FDC-42A3-9474-1A3956D46DE8}") = "src", "src", "{02EA681E-C7D8-13C7-8484-4AC65E1B71E8}"
EndProject
Project("{FAE04EC0-301F-11D3-BF4B-00C04F79EFBC}") = "MapVisApi", "src\MapVisApi\MapVisApi.csproj", "{A379F272-D539-4943-8C01-9DDE09CBEBAF}"
EndProject
Project("{2150E333-8FDC-42A3-9474-1A3956D46DE8}") = "tests", "tests", "{9E2A0477-4EBC-4D83-98A4-5A9195B9E364}"
EndProject
Project("{FAE04EC0-301F-11D3-BF4B-00C04F79EFBC}") = "MapVis.Tests", "tests\MapVis.Tests\MapVis.Tests.csproj", "{E5632366-28B0-4A9A-9CD3-B213F14B894B}"
EndProject
Global
	GlobalSection(SolutionConfigurationPlatforms) = preSolution
		Debug|Any CPU = Debug|Any CPU
		Release|Any CPU = Release|Any CPU
	EndGlobalSection
	GlobalSection(ProjectConfigurationPlatforms) = postSolution
		{A379F272-D539-4943-8C01-9DDE09CBEBAF}.Debug|Any CPU.ActiveCfg = Debug|Any CPU
		{A379F272-D539-4943-8C01-9DDE09CBEBAF}.Debug|Any CPU.Build.0 = Debug|Any CPU
		{A379F272-D539-4943-8C01-9DDE09CBEBAF}.Release|Any CPU.ActiveCfg = Release|Any CPU
		{A379F272-D539-4943-8C01-9DDE09CBEBAF}.Release|Any CPU.Build.0 = Release|Any CPU
		{E5632366-28B0-4A9A-9CD3-B213F14B894B}.Debug|Any CPU.ActiveCfg = Debug|Any CPU
		{E5632366-28B0-4A9A-9CD3-B213F14B894B}.Debug|Any CPU.Build.0 = Debug|Any CPU
		{E5632366-28B0-4A9A-9CD3-B213F14B894B}.Release|Any CPU.ActiveCfg = Release|Any CPU
		{E5632366-28B0-4A9A-9CD3-B213F14B894B}.Release|Any CPU.Build.0 = Release|Any CPU
	EndGlobalSection
	GlobalSection(SolutionProperties) = preSolution
		HideSolutionNode = FALSE
	EndGlobalSection
	GlobalSection(NestedProjects) = preSolution
		{A379F272-D539-4943-8C01-9DDE09CBEBAF} = {02EA681E-C7D8-13C7-8484-4AC65E1B71E8}
		{E5632366-28B0-4A9A-9CD3-B213F14B894B} = {9E2A0477-4EBC-4D83-98A4-5A9195B9E364}
	EndGlobalSection
	GlobalSection(ExtensibilityGlobals) = postSolution
		SolutionGuid = {42274EFB-47F7-4DB2-A976-29E05148C8B6}
	EndGlobalSection
EndGlobal
